
Microsoft Visual Studio Solution File, Format Version 12.00
# Visual Studio Version 17
VisualStudioVersion = 17.3.32929.385
MinimumVisualStudioVersion = 10.0.40219.1
Project("{9A19103F-16F7-4668-BE54-9A1E7A4F7556}") = "ShoelessJoe.App", "ShoelessJoe.App\ShoelessJoe.App.csproj", "{2BE198C7-FC9C-4754-BE5B-FBC02099A8FF}"
EndProject
Project("{FAE04EC0-301F-11D3-BF4B-00C04F79EFBC}") = "ShoelessJoe.Core", "ShoelessJoe.Core\ShoelessJoe.Core.csproj", "{4478E84E-08BF-435D-A2E2-6DC9B539E264}"
EndProject
Project("{FAE04EC0-301F-11D3-BF4B-00C04F79EFBC}") = "ShoelessJoe.DataAccess", "ShoelessJoe.DataAccess\ShoelessJoe.DataAccess.csproj", "{27079252-FF8A-431A-827D-3A100F3AE2E6}"
EndProject
Global
	GlobalSection(SolutionConfigurationPlatforms) = preSolution
		Debug|Any CPU = Debug|Any CPU
		Release|Any CPU = Release|Any CPU
	EndGlobalSection
	GlobalSection(ProjectConfigurationPlatforms) = postSolution
		{2BE198C7-FC9C-4754-BE5B-FBC02099A8FF}.Debug|Any CPU.ActiveCfg = Debug|Any CPU
		{2BE198C7-FC9C-4754-BE5B-FBC02099A8FF}.Debug|Any CPU.Build.0 = Debug|Any CPU
		{2BE198C7-FC9C-4754-BE5B-FBC02099A8FF}.Release|Any CPU.ActiveCfg = Release|Any CPU
		{2BE198C7-FC9C-4754-BE5B-FBC02099A8FF}.Release|Any CPU.Build.0 = Release|Any CPU
		{4478E84E-08BF-435D-A2E2-6DC9B539E264}.Debug|Any CPU.ActiveCfg = Debug|Any CPU
		{4478E84E-08BF-435D-A2E2-6DC9B539E264}.Debug|Any CPU.Build.0 = Debug|Any CPU
		{4478E84E-08BF-435D-A2E2-6DC9B539E264}.Release|Any CPU.ActiveCfg = Release|Any CPU
		{4478E84E-08BF-435D-A2E2-6DC9B539E264}.Release|Any CPU.Build.0 = Release|Any CPU
		{27079252-FF8A-431A-827D-3A100F3AE2E6}.Debug|Any CPU.ActiveCfg = Debug|Any CPU
		{27079252-FF8A-431A-827D-3A100F3AE2E6}.Debug|Any CPU.Build.0 = Debug|Any CPU
		{27079252-FF8A-431A-827D-3A100F3AE2E6}.Release|Any CPU.ActiveCfg = Release|Any CPU
		{27079252-FF8A-431A-827D-3A100F3AE2E6}.Release|Any CPU.Build.0 = Release|Any CPU
	EndGlobalSection
	GlobalSection(SolutionProperties) = preSolution
		HideSolutionNode = FALSE
	EndGlobalSection
	GlobalSection(ExtensibilityGlobals) = postSolution
		SolutionGuid = {659C0593-2F45-4932-A35C-6CE6D66D4E97}
	EndGlobalSection
EndGlobal
